
Microsoft Visual Studio Solution File, Format Version 12.00
# Visual Studio Version 17
VisualStudioVersion = 17.4.33213.308
MinimumVisualStudioVersion = 10.0.40219.1
Project("{FAE04EC0-301F-11D3-BF4B-00C04F79EFBC}") = "MauiMigrationDemo.Android", "MauiMigrationDemo\MauiMigrationDemo.Android\MauiMigrationDemo.Android.csproj", "{E7F7AF38-2788-46C4-8A48-DE748D177F5A}"
EndProject
Project("{FAE04EC0-301F-11D3-BF4B-00C04F79EFBC}") = "MauiMigrationDemo.iOS", "MauiMigrationDemo\MauiMigrationDemo.iOS\MauiMigrationDemo.iOS.csproj", "{DB2420C7-E7BE-4509-83B8-9F682AA2B935}"
EndProject
Project("{FAE04EC0-301F-11D3-BF4B-00C04F79EFBC}") = "MauiMigrationDemo", "MauiMigrationDemo\MauiMigrationDemo\MauiMigrationDemo.csproj", "{1FA163D2-A17B-4E2A-A1FE-6805106799DB}"
EndProject
Global
	GlobalSection(SolutionConfigurationPlatforms) = preSolution
		Debug|Any CPU = Debug|Any CPU
		Debug|iPhone = Debug|iPhone
		Debug|iPhoneSimulator = Debug|iPhoneSimulator
		Release|Any CPU = Release|Any CPU
		Release|iPhone = Release|iPhone
		Release|iPhoneSimulator = Release|iPhoneSimulator
	EndGlobalSection
	GlobalSection(ProjectConfigurationPlatforms) = postSolution
		{E7F7AF38-2788-46C4-8A48-DE748D177F5A}.Debug|Any CPU.ActiveCfg = Debug|Any CPU
		{E7F7AF38-2788-46C4-8A48-DE748D177F5A}.Debug|Any CPU.Build.0 = Debug|Any CPU
		{E7F7AF38-2788-46C4-8A48-DE748D177F5A}.Debug|Any CPU.Deploy.0 = Debug|Any CPU
		{E7F7AF38-2788-46C4-8A48-DE748D177F5A}.Debug|iPhone.ActiveCfg = Debug|Any CPU
		{E7F7AF38-2788-46C4-8A48-DE748D177F5A}.Debug|iPhone.Build.0 = Debug|Any CPU
		{E7F7AF38-2788-46C4-8A48-DE748D177F5A}.Debug|iPhone.Deploy.0 = Debug|Any CPU
		{E7F7AF38-2788-46C4-8A48-DE748D177F5A}.Debug|iPhoneSimulator.ActiveCfg = Debug|Any CPU
		{E7F7AF38-2788-46C4-8A48-DE748D177F5A}.Debug|iPhoneSimulator.Build.0 = Debug|Any CPU
		{E7F7AF38-2788-46C4-8A48-DE748D177F5A}.Debug|iPhoneSimulator.Deploy.0 = Debug|Any CPU
		{E7F7AF38-2788-46C4-8A48-DE748D177F5A}.Release|Any CPU.ActiveCfg = Release|Any CPU
		{E7F7AF38-2788-46C4-8A48-DE748D177F5A}.Release|Any CPU.Build.0 = Release|Any CPU
		{E7F7AF38-2788-46C4-8A48-DE748D177F5A}.Release|Any CPU.Deploy.0 = Release|Any CPU
		{E7F7AF38-2788-46C4-8A48-DE748D177F5A}.Release|iPhone.ActiveCfg = Release|Any CPU
		{E7F7AF38-2788-46C4-8A48-DE748D177F5A}.Release|iPhone.Build.0 = Release|Any CPU
		{E7F7AF38-2788-46C4-8A48-DE748D177F5A}.Release|iPhone.Deploy.0 = Release|Any CPU
		{E7F7AF38-2788-46C4-8A48-DE748D177F5A}.Release|iPhoneSimulator.ActiveCfg = Release|Any CPU
		{E7F7AF38-2788-46C4-8A48-DE748D177F5A}.Release|iPhoneSimulator.Build.0 = Release|Any CPU
		{E7F7AF38-2788-46C4-8A48-DE748D177F5A}.Release|iPhoneSimulator.Deploy.0 = Release|Any CPU
		{DB2420C7-E7BE-4509-83B8-9F682AA2B935}.Debug|Any CPU.ActiveCfg = Debug|iPhone
		{DB2420C7-E7BE-4509-83B8-9F682AA2B935}.Debug|Any CPU.Build.0 = Debug|iPhone
		{DB2420C7-E7BE-4509-83B8-9F682AA2B935}.Debug|Any CPU.Deploy.0 = Debug|iPhone
		{DB2420C7-E7BE-4509-83B8-9F682AA2B935}.Debug|iPhone.ActiveCfg = Debug|iPhone
		{DB2420C7-E7BE-4509-83B8-9F682AA2B935}.Debug|iPhone.Build.0 = Debug|iPhone
		{DB2420C7-E7BE-4509-83B8-9F682AA2B935}.Debug|iPhone.Deploy.0 = Debug|iPhone
		{DB2420C7-E7BE-4509-83B8-9F682AA2B935}.Debug|iPhoneSimulator.ActiveCfg = Debug|iPhoneSimulator
		{DB2420C7-E7BE-4509-83B8-9F682AA2B935}.Debug|iPhoneSimulator.Build.0 = Debug|iPhoneSimulator
		{DB2420C7-E7BE-4509-83B8-9F682AA2B935}.Debug|iPhoneSimulator.Deploy.0 = Debug|iPhoneSimulator
		{DB2420C7-E7BE-4509-83B8-9F682AA2B935}.Release|Any CPU.ActiveCfg = Release|iPhoneSimulator
		{DB2420C7-E7BE-4509-83B8-9F682AA2B935}.Release|Any CPU.Build.0 = Release|iPhoneSimulator
		{DB2420C7-E7BE-4509-83B8-9F682AA2B935}.Release|Any CPU.Deploy.0 = Release|iPhoneSimulator
		{DB2420C7-E7BE-4509-83B8-9F682AA2B935}.Release|iPhone.ActiveCfg = Release|iPhone
		{DB2420C7-E7BE-4509-83B8-9F682AA2B935}.Release|iPhone.Build.0 = Release|iPhone
		{DB2420C7-E7BE-4509-83B8-9F682AA2B935}.Release|iPhone.Deploy.0 = Release|iPhone
		{DB2420C7-E7BE-4509-83B8-9F682AA2B935}.Release|iPhoneSimulator.ActiveCfg = Release|iPhoneSimulator
		{DB2420C7-E7BE-4509-83B8-9F682AA2B935}.Release|iPhoneSimulator.Build.0 = Release|iPhoneSimulator
		{DB2420C7-E7BE-4509-83B8-9F682AA2B935}.Release|iPhoneSimulator.Deploy.0 = Release|iPhoneSimulator
		{1FA163D2-A17B-4E2A-A1FE-6805106799DB}.Debug|Any CPU.ActiveCfg = Debug|Any CPU
		{1FA163D2-A17B-4E2A-A1FE-6805106799DB}.Debug|Any CPU.Build.0 = Debug|Any CPU
		{1FA163D2-A17B-4E2A-A1FE-6805106799DB}.Debug|Any CPU.Deploy.0 = Debug|Any CPU
		{1FA163D2-A17B-4E2A-A1FE-6805106799DB}.Debug|iPhone.ActiveCfg = Debug|Any CPU
		{1FA163D2-A17B-4E2A-A1FE-6805106799DB}.Debug|iPhone.Build.0 = Debug|Any CPU
		{1FA163D2-A17B-4E2A-A1FE-6805106799DB}.Debug|iPhone.Deploy.0 = Debug|Any CPU
		{1FA163D2-A17B-4E2A-A1FE-6805106799DB}.Debug|iPhoneSimulator.ActiveCfg = Debug|Any CPU
		{1FA163D2-A17B-4E2A-A1FE-6805106799DB}.Debug|iPhoneSimulator.Build.0 = Debug|Any CPU
		{1FA163D2-A17B-4E2A-A1FE-6805106799DB}.Debug|iPhoneSimulator.Deploy.0 = Debug|Any CPU
		{1FA163D2-A17B-4E2A-A1FE-6805106799DB}.Release|Any CPU.ActiveCfg = Release|Any CPU
		{1FA163D2-A17B-4E2A-A1FE-6805106799DB}.Release|Any CPU.Build.0 = Release|Any CPU
		{1FA163D2-A17B-4E2A-A1FE-6805106799DB}.Release|Any CPU.Deploy.0 = Release|Any CPU
		{1FA163D2-A17B-4E2A-A1FE-6805106799DB}.Release|iPhone.ActiveCfg = Release|Any CPU
		{1FA163D2-A17B-4E2A-A1FE-6805106799DB}.Release|iPhone.Build.0 = Release|Any CPU
		{1FA163D2-A17B-4E2A-A1FE-6805106799DB}.Release|iPhone.Deploy.0 = Release|Any CPU
		{1FA163D2-A17B-4E2A-A1FE-6805106799DB}.Release|iPhoneSimulator.ActiveCfg = Release|Any CPU
		{1FA163D2-A17B-4E2A-A1FE-6805106799DB}.Release|iPhoneSimulator.Build.0 = Release|Any CPU
		{1FA163D2-A17B-4E2A-A1FE-6805106799DB}.Release|iPhoneSimulator.Deploy.0 = Release|Any CPU
	EndGlobalSection
	GlobalSection(SolutionProperties) = preSolution
		HideSolutionNode = FALSE
	EndGlobalSection
	GlobalSection(ExtensibilityGlobals) = postSolution
		SolutionGuid = {0DA03EF9-667E-4DA8-BA2B-677CEDA9DF4C}
	EndGlobalSection
EndGlobal
